<?xml version="1.0" encoding="utf-8"?>
<Project ToolsVersion="4.0" xmlns="http://schemas.microsoft.com/developer/msbuild/2003">
  <ItemGroup>
    <Filter Include="Header Files">
      <UniqueIdentifier>{63f66e55-933f-4847-8207-e316d1fad98d}</UniqueIdentifier>
      <Extensions>h;hpp;hxx;hm;inl</Extensions>
    </Filter>
    <Filter Include="Source Files">
      <UniqueIdentifier>{2716a179-d70b-468b-8459-85477fa840a4}</UniqueIdentifier>
      <Extensions>cpp;c;cxx;rc;def;r;odl;idl;hpj;bat</Extensions>
    </Filter>
  </ItemGroup>
  <ItemGroup>
    <ClInclude Include="dbClass\CFleet.h">
      <Filter>Header Files</Filter>
    </ClInclude>
    <ClInclude Include="dbClass\CHospital.h">
      <Filter>Header Files</Filter>
    </ClInclude>
    <ClInclude Include="dbClass\CPresence.h">
      <Filter>Header Files</Filter>
    </ClInclude>
    <ClInclude Include="CRIRegistryAddFieldsDlg.h">
      <Filter>Header Files</Filter>
    </ClInclude>
    <ClInclude Include="CRIRegistryAddPatient118Dlg.h">
      <Filter>Header Files</Filter>
    </ClInclude>
    <ClInclude Include="CRIRegistryAddPatientDlg.h">
      <Filter>Header Files</Filter>
    </ClInclude>
    <ClInclude Include="CRIRegistryApp.h">
      <Filter>Header Files</Filter>
    </ClInclude>
    <ClInclude Include="CRIRegistryConstant.h">
      <Filter>Header Files</Filter>
    </ClInclude>
    <ClInclude Include="CRIRegistryCrewDlg.h">
      <Filter>Header Files</Filter>
    </ClInclude>
    <ClInclude Include="CRIRegistryFleetDlg.h">
      <Filter>Header Files</Filter>
    </ClInclude>
    <ClInclude Include="CRIRegistryGUIs.h">
      <Filter>Header Files</Filter>
    </ClInclude>
    <ClInclude Include="CRIRegistryHospitalDlg.h">
      <Filter>Header Files</Filter>
    </ClInclude>
    <ClInclude Include="CRIRegistryMainFrame.h">
      <Filter>Header Files</Filter>
    </ClInclude>
    <ClInclude Include="CRIRegistryPatientDlg.h">
      <Filter>Header Files</Filter>
    </ClInclude>
    <ClInclude Include="CRIRegistryPresenceDlg.h">
      <Filter>Header Files</Filter>
    </ClInclude>
    <ClInclude Include="CRIRegistrySearchDlg.h">
      <Filter>Header Files</Filter>
    </ClInclude>
    <ClInclude Include="CRIRegistrySelectDateRangeDlg.h">
      <Filter>Header Files</Filter>
    </ClInclude>
    <ClInclude Include="CRIRegistryServiceDlg.h">
      <Filter>Header Files</Filter>
    </ClInclude>
    <ClInclude Include="CRIRegistryShiftDlg.h">
      <Filter>Header Files</Filter>
    </ClInclude>
    <ClInclude Include="CRIRegistrySQLQueryDlg.h">
      <Filter>Header Files</Filter>
    </ClInclude>
    <ClInclude Include="CRIRegistryWizardDlg.h">
      <Filter>Header Files</Filter>
    </ClInclude>
    <ClInclude Include="CRIRegistryWizardPagesGUIs.h">
      <Filter>Header Files</Filter>
    </ClInclude>
    <ClInclude Include="dbClass\CService.h">
      <Filter>Header Files</Filter>
    </ClInclude>
    <ClInclude Include="dbClass\CServiceCrew.h">
      <Filter>Header Files</Filter>
    </ClInclude>
    <ClInclude Include="dbClass\CServicePatient.h">
      <Filter>Header Files</Filter>
    </ClInclude>
    <ClInclude Include="dbClass\CShift.h">
      <Filter>Header Files</Filter>
    </ClInclude>
    <ClInclude Include="dbClass\CUser.h">
      <Filter>Header Files</Filter>
    </ClInclude>
    <ClInclude Include="db\dbClass.h">
      <Filter>Header Files</Filter>
    </ClInclude>
    <ClInclude Include="db\dbField.h">
      <Filter>Header Files</Filter>
    </ClInclude>
    <ClInclude Include="db\dbSingleton.h">
      <Filter>Header Files</Filter>
    </ClInclude>
    <ClInclude Include="MyFunctions.h">
      <Filter>Header Files</Filter>
    </ClInclude>
    <ClInclude Include="MyWizardPage.h">
      <Filter>Header Files</Filter>
    </ClInclude>
    <ClInclude Include="OdbcW\OdbcW.h">
      <Filter>Header Files</Filter>
    </ClInclude>
    <ClInclude Include="OdbcW\OdbcWInternal.h">
      <Filter>Header Files</Filter>
    </ClInclude>
    <ClInclude Include="OdbcW\OdbcWSetup.h">
      <Filter>Header Files</Filter>
    </ClInclude>
    <ClInclude Include="Singleton.h">
      <Filter>Header Files</Filter>
    </ClInclude>
    <ClInclude Include="UsersManager.h">
      <Filter>Header Files</Filter>
    </ClInclude>
    <ClInclude Include="UsersManagerChangeUsersPwdDlg.h">
      <Filter>Header Files</Filter>
    </ClInclude>
    <ClInclude Include="UsersManagerDlg.h">
      <Filter>Header Files</Filter>
    </ClInclude>
    <ClInclude Include="UsersManagerLogInDlg.h">
      <Filter>Header Files</Filter>
    </ClInclude>
    <ClInclude Include="WizardPages\WizardPagesData.h">
      <Filter>Header Files</Filter>
    </ClInclude>
    <ClInclude Include="WizardPages\WizardPagesEquipaggio.h">
      <Filter>Header Files</Filter>
    </ClInclude>
    <ClInclude Include="WizardPages\WizardPagesFine.h">
      <Filter>Header Files</Filter>
    </ClInclude>
    <ClInclude Include="WizardPages\WizardPagesGruppo.h">
      <Filter>Header Files</Filter>
    </ClInclude>
    <ClInclude Include="WizardPages\WizardPagesInfoServizio118.h">
      <Filter>Header Files</Filter>
    </ClInclude>
    <ClInclude Include="WizardPages\WizardPagesLuogoIntervento.h">
      <Filter>Header Files</Filter>
    </ClInclude>
    <ClInclude Include="WizardPages\WizardPagesLuogoTrasportato.h">
      <Filter>Header Files</Filter>
    </ClInclude>
    <ClInclude Include="WizardPages\WizardPagesPaziente.h">
      <Filter>Header Files</Filter>
    </ClInclude>
    <ClInclude Include="WizardPages\WizardPagesPazientiTrasportati.h">
      <Filter>Header Files</Filter>
    </ClInclude>
    <ClInclude Include="WizardPages\WizardPagesPazientiTrasportati118.h">
      <Filter>Header Files</Filter>
    </ClInclude>
    <ClInclude Include="WizardPages\WizardPagesRichiedente.h">
      <Filter>Header Files</Filter>
    </ClInclude>
    <ClInclude Include="WizardPages\WizardPagesRichiesto.h">
      <Filter>Header Files</Filter>
    </ClInclude>
    <ClInclude Include="WizardPages\WizardPagesUtilizzoMezzo.h">
      <Filter>Header Files</Filter>
    </ClInclude>
    <ClInclude Include="CRIRegistryOptionsDlg.h">
      <Filter>Header Files</Filter>
    </ClInclude>
    <ClInclude Include="CRIRegistryOptions.h">
      <Filter>Header Files</Filter>
    </ClInclude>
    <ClInclude Include="UsersManagerSetUsersPwdDlg.h">
      <Filter>Header Files</Filter>
    </ClInclude>
    <ClInclude Include="dbClass\CDinamic.h">
      <Filter>Header Files</Filter>
    </ClInclude>
    <ClInclude Include="dbClass\CTreatment.h">
      <Filter>Header Files</Filter>
    </ClInclude>
    <ClInclude Include="Setting.h">
      <Filter>Header Files</Filter>
    </ClInclude>
    <ClInclude Include="CRIRegistryCodeSelectionDlg.h">
      <Filter>Header Files</Filter>
    </ClInclude>
    <ClInclude Include="TxtCtrl118Code.h">
      <Filter>Header Files</Filter>
    </ClInclude>
    <ClInclude Include="CRIRegistryProgressDlg.h">
      <Filter>Header Files</Filter>
    </ClInclude>
    <ClInclude Include="CRIRegistryAddCrewDlg.h">
      <Filter>Header Files</Filter>
    </ClInclude>
    <ClInclude Include="CRIRegistryVersion.h">
      <Filter>Header Files</Filter>
    </ClInclude>
    <ClInclude Include="CRIRegistryComunicationDlg.h">
      <Filter>Header Files</Filter>
    </ClInclude>
    <ClInclude Include="dbClass\CComunication.h">
      <Filter>Header Files</Filter>
    </ClInclude>
    <ClInclude Include="WizardPages\WizardPagesLuogoIntervento118.h">
      <Filter>Header Files</Filter>
    </ClInclude>
    <ClInclude Include="CSmtp\base64.h">
      <Filter>Header Files</Filter>
    </ClInclude>
    <ClInclude Include="CSmtp\CSmtp.h">
      <Filter>Header Files</Filter>
    </ClInclude>
    <ClInclude Include="CSmtp\openssl-0.9.8l\inc32\openssl\md5.h">
      <Filter>Header Files</Filter>
    </ClInclude>
    <ClInclude Include="MyMd5.h">
      <Filter>Header Files</Filter>
    </ClInclude>
    <ClInclude Include="CRIRegistryMailAddressDlg.h">
      <Filter>Header Files</Filter>
    </ClInclude>
    <ClInclude Include="CRIRegistryMailingListDlg.h">
      <Filter>Header Files</Filter>
    </ClInclude>
    <ClInclude Include="CRIRegistrySelectUserDisponibilityDlg.h">
      <Filter>Header Files</Filter>
    </ClInclude>
    <ClInclude Include="CRIRegistryHtmlFrame.h">
      <Filter>Header Files</Filter>
    </ClInclude>
    <ClInclude Include="CRIRegistryCAPListDlg.h">
      <Filter>Header Files</Filter>
    </ClInclude>
    <ClInclude Include="CRIRegistryCAPDlg.h">
      <Filter>Header Files</Filter>
    </ClInclude>
    <ClInclude Include="CRIRegistryCheckListAddItemDlg.h">
      <Filter>Header Files</Filter>
    </ClInclude>
    <ClInclude Include="CRIRegistryCheckListDlg.h">
      <Filter>Header Files</Filter>
    </ClInclude>
    <ClInclude Include="CRIRegistryCheckListPagesGUIs.h">
      <Filter>Header Files</Filter>
    </ClInclude>
    <ClInclude Include="CRIRegistryCheckListTimeDlg.h">
      <Filter>Header Files</Filter>
    </ClInclude>
    <ClInclude Include="CRIRegistryCheckListTimeIntervalDlg.h">
      <Filter>Header Files</Filter>
    </ClInclude>
    <ClInclude Include="CRIRegistryCheckListEditDlg.h">
      <Filter>Header Files</Filter>
    </ClInclude>
  </ItemGroup>
  <ItemGroup>
    <ClCompile Include="dbClass\CFleet.cpp">
      <Filter>Source Files</Filter>
    </ClCompile>
    <ClCompile Include="dbClass\CHospital.cpp">
      <Filter>Source Files</Filter>
    </ClCompile>
    <ClCompile Include="dbClass\CPresence.cpp">
      <Filter>Source Files</Filter>
    </ClCompile>
    <ClCompile Include="CRIRegistryAddFieldsDlg.cpp">
      <Filter>Source Files</Filter>
    </ClCompile>
    <ClCompile Include="CRIRegistryAddPatient118Dlg.cpp">
      <Filter>Source Files</Filter>
    </ClCompile>
    <ClCompile Include="CRIRegistryAddPatientDlg.cpp">
      <Filter>Source Files</Filter>
    </ClCompile>
    <ClCompile Include="CRIRegistryApp.cpp">
      <Filter>Source Files</Filter>
    </ClCompile>
    <ClCompile Include="CRIRegistryCrewDlg.cpp">
      <Filter>Source Files</Filter>
    </ClCompile>
    <ClCompile Include="CRIRegistryFleetDlg.cpp">
      <Filter>Source Files</Filter>
    </ClCompile>
    <ClCompile Include="CRIRegistryGUIs.cpp">
      <Filter>Source Files</Filter>
    </ClCompile>
    <ClCompile Include="CRIRegistryHospitalDlg.cpp">
      <Filter>Source Files</Filter>
    </ClCompile>
    <ClCompile Include="CRIRegistryMainFrame.cpp">
      <Filter>Source Files</Filter>
    </ClCompile>
    <ClCompile Include="CRIRegistryPatientDlg.cpp">
      <Filter>Source Files</Filter>
    </ClCompile>
    <ClCompile Include="CRIRegistryPresenceDlg.cpp">
      <Filter>Source Files</Filter>
    </ClCompile>
    <ClCompile Include="CRIRegistrySelectDateRangeDlg.cpp">
      <Filter>Source Files</Filter>
    </ClCompile>
    <ClCompile Include="CRIRegistryServiceDlg.cpp">
      <Filter>Source Files</Filter>
    </ClCompile>
    <ClCompile Include="CRIRegistryShiftDlg.cpp">
      <Filter>Source Files</Filter>
    </ClCompile>
    <ClCompile Include="CRIRegistrySQLQueryDlg.cpp">
      <Filter>Source Files</Filter>
    </ClCompile>
    <ClCompile Include="CRIRegistryWizardDlg.cpp">
      <Filter>Source Files</Filter>
    </ClCompile>
    <ClCompile Include="CRIRegistryWizardPagesGUIs.cpp">
      <Filter>Source Files</Filter>
    </ClCompile>
    <ClCompile Include="dbClass\CService.cpp">
      <Filter>Source Files</Filter>
    </ClCompile>
    <ClCompile Include="dbClass\CServiceCrew.cpp">
      <Filter>Source Files</Filter>
    </ClCompile>
    <ClCompile Include="dbClass\CServicePatient.cpp">
      <Filter>Source Files</Filter>
    </ClCompile>
    <ClCompile Include="dbClass\CShift.cpp">
      <Filter>Source Files</Filter>
    </ClCompile>
    <ClCompile Include="dbClass\CUser.cpp">
      <Filter>Source Files</Filter>
    </ClCompile>
    <ClCompile Include="db\dbClass.cpp">
      <Filter>Source Files</Filter>
    </ClCompile>
    <ClCompile Include="db\dbField.cpp">
      <Filter>Source Files</Filter>
    </ClCompile>
    <ClCompile Include="db\dbSingleton.cpp">
      <Filter>Source Files</Filter>
    </ClCompile>
    <ClCompile Include="MyFunctions.cpp">
      <Filter>Source Files</Filter>
    </ClCompile>
    <ClCompile Include="MyWizardPage.cpp">
      <Filter>Source Files</Filter>
    </ClCompile>
    <ClCompile Include="OdbcW\OdbcW.cpp">
      <Filter>Source Files</Filter>
    </ClCompile>
    <ClCompile Include="OdbcW\OdbcW_WIN32.cpp">
      <Filter>Source Files</Filter>
    </ClCompile>
    <ClCompile Include="OdbcW\OdbcWSetup.cpp">
      <Filter>Source Files</Filter>
    </ClCompile>
    <ClCompile Include="UsersManager.cpp">
      <Filter>Source Files</Filter>
    </ClCompile>
    <ClCompile Include="UsersManagerChangeUsersPwdDlg.cpp">
      <Filter>Source Files</Filter>
    </ClCompile>
    <ClCompile Include="UsersManagerDlg.cpp">
      <Filter>Source Files</Filter>
    </ClCompile>
    <ClCompile Include="UsersManagerLogInDlg.cpp">
      <Filter>Source Files</Filter>
    </ClCompile>
    <ClCompile Include="WizardPages\WizardPagesData.cpp">
      <Filter>Source Files</Filter>
    </ClCompile>
    <ClCompile Include="WizardPages\WizardPagesEquipaggio.cpp">
      <Filter>Source Files</Filter>
    </ClCompile>
    <ClCompile Include="WizardPages\WizardPagesFine.cpp">
      <Filter>Source Files</Filter>
    </ClCompile>
    <ClCompile Include="WizardPages\WizardPagesGruppo.cpp">
      <Filter>Source Files</Filter>
    </ClCompile>
    <ClCompile Include="WizardPages\WizardPagesInfoServizio118.cpp">
      <Filter>Source Files</Filter>
    </ClCompile>
    <ClCompile Include="WizardPages\WizardPagesLuogoIntervento.cpp">
      <Filter>Source Files</Filter>
    </ClCompile>
    <ClCompile Include="WizardPages\WizardPagesLuogoTrasportato.cpp">
      <Filter>Source Files</Filter>
    </ClCompile>
    <ClCompile Include="WizardPages\WizardPagesPaziente.cpp">
      <Filter>Source Files</Filter>
    </ClCompile>
    <ClCompile Include="WizardPages\WizardPagesPazientiTrasportati.cpp">
      <Filter>Source Files</Filter>
    </ClCompile>
    <ClCompile Include="WizardPages\WizardPagesPazientiTrasportati118.cpp">
      <Filter>Source Files</Filter>
    </ClCompile>
    <ClCompile Include="WizardPages\WizardPagesRichiedente.cpp">
      <Filter>Source Files</Filter>
    </ClCompile>
    <ClCompile Include="WizardPages\WizardPagesRichiesto.cpp">
      <Filter>Source Files</Filter>
    </ClCompile>
    <ClCompile Include="WizardPages\WizardPagesUtilizzoMezzo.cpp">
      <Filter>Source Files</Filter>
    </ClCompile>
    <ClCompile Include="CRIRegistryOptionsDlg.cpp">
      <Filter>Source Files</Filter>
    </ClCompile>
    <ClCompile Include="CRIRegistrySearchDlg.cpp">
      <Filter>Source Files</Filter>
    </ClCompile>
    <ClCompile Include="CRIRegistryOptions.cpp">
      <Filter>Source Files</Filter>
    </ClCompile>
    <ClCompile Include="UsersManagerSetUsersPwdDlg.cpp">
      <Filter>Source Files</Filter>
    </ClCompile>
    <ClCompile Include="dbClass\CDinamic.cpp">
      <Filter>Source Files</Filter>
    </ClCompile>
    <ClCompile Include="dbClass\CTreatment.cpp">
      <Filter>Source Files</Filter>
    </ClCompile>
    <ClCompile Include="CRIRegistryCodeSelectionDlg.cpp">
      <Filter>Source Files</Filter>
    </ClCompile>
    <ClCompile Include="TxtCtrl118Code.cpp">
      <Filter>Source Files</Filter>
    </ClCompile>
    <ClCompile Include="CRIRegistryProgressDlg.cpp">
      <Filter>Source Files</Filter>
    </ClCompile>
    <ClCompile Include="CRIRegistryAddCrewDlg.cpp">
      <Filter>Source Files</Filter>
    </ClCompile>
    <ClCompile Include="CRIRegistryComunicationDlg.cpp">
      <Filter>Source Files</Filter>
    </ClCompile>
    <ClCompile Include="dbClass\CComunication.cpp">
      <Filter>Source Files</Filter>
    </ClCompile>
    <ClCompile Include="WizardPages\WizardPagesLuogoIntervento118.cpp">
      <Filter>Source Files</Filter>
    </ClCompile>
    <ClCompile Include="CSmtp\base64.cpp">
      <Filter>Source Files</Filter>
    </ClCompile>
    <ClCompile Include="CSmtp\CSmtp.cpp">
      <Filter>Source Files</Filter>
    </ClCompile>
    <ClCompile Include="CSmtp\md5.cpp">
      <Filter>Source Files</Filter>
    </ClCompile>
    <ClCompile Include="MyMd5.cpp">
      <Filter>Source Files</Filter>
    </ClCompile>
    <ClCompile Include="CRIRegistryMailAddressDlg.cpp">
      <Filter>Source Files</Filter>
    </ClCompile>
    <ClCompile Include="CRIRegistryMailingListDlg.cpp">
      <Filter>Source Files</Filter>
    </ClCompile>
    <ClCompile Include="CRIRegistrySelectUserDisponibilityDlg.cpp">
      <Filter>Source Files</Filter>
    </ClCompile>
    <ClCompile Include="CRIRegistryHtmlFrame.cpp">
      <Filter>Source Files</Filter>
    </ClCompile>
    <ClCompile Include="CRIRegistryCAPListDlg.cpp">
      <Filter>Source Files</Filter>
    </ClCompile>
    <ClCompile Include="CRIRegistryCAPDlg.cpp">
      <Filter>Source Files</Filter>
    </ClCompile>
    <ClCompile Include="CRIRegistryCheckListAddItemDlg.cpp">
      <Filter>Source Files</Filter>
    </ClCompile>
    <ClCompile Include="CRIRegistryCheckListDlg.cpp">
      <Filter>Source Files</Filter>
    </ClCompile>
    <ClCompile Include="CRIRegistryCheckListPagesGUIs.cpp">
      <Filter>Source Files</Filter>
    </ClCompile>
    <ClCompile Include="CRIRegistryCheckListTimeDlg.cpp">
      <Filter>Source Files</Filter>
    </ClCompile>
    <ClCompile Include="CRIRegistryCheckListTimeIntervalDlg.cpp">
      <Filter>Source Files</Filter>
    </ClCompile>
    <ClCompile Include="CRIRegistryCheckListEditDlg.cpp">
      <Filter>Source Files</Filter>
    </ClCompile>
  </ItemGroup>
  <ItemGroup>
    <ResourceCompile Include="CRIRegistry.rc">
      <Filter>Source Files</Filter>
    </ResourceCompile>
  </ItemGroup>
</Project>